
Microsoft Visual Studio Solution File, Format Version 12.00
# Visual Studio Version 16
VisualStudioVersion = 16.0.32106.194
MinimumVisualStudioVersion = 10.0.40219.1
Project("{FAE04EC0-301F-11D3-BF4B-00C04F79EFBC}") = "twDArrMeth", "twDArrMeth\twDArrMeth.csproj", "{9035ED4C-F55F-400F-B447-6F6C29CA246E}"
EndProject
Global
	GlobalSection(SolutionConfigurationPlatforms) = preSolution
		Debug|Any CPU = Debug|Any CPU
		Release|Any CPU = Release|Any CPU
	EndGlobalSection
	GlobalSection(ProjectConfigurationPlatforms) = postSolution
		{9035ED4C-F55F-400F-B447-6F6C29CA246E}.Debug|Any CPU.ActiveCfg = Debug|Any CPU
		{9035ED4C-F55F-400F-B447-6F6C29CA246E}.Debug|Any CPU.Build.0 = Debug|Any CPU
		{9035ED4C-F55F-400F-B447-6F6C29CA246E}.Release|Any CPU.ActiveCfg = Release|Any CPU
		{9035ED4C-F55F-400F-B447-6F6C29CA246E}.Release|Any CPU.Build.0 = Release|Any CPU
	EndGlobalSection
	GlobalSection(SolutionProperties) = preSolution
		HideSolutionNode = FALSE
	EndGlobalSection
	GlobalSection(ExtensibilityGlobals) = postSolution
		SolutionGuid = {545AD8A8-E128-481C-B681-BC80FB6A163E}
	EndGlobalSection
EndGlobal
